// !$*UTF8*$!
{
	archiveVersion = 1;
	classes = {
	};
	objectVersion = 50;
	objects = {

/* Begin PBXBuildFile section */
		A239C40020CEE12800F2683C /* AppDelegate.swift in Sources */ = {isa = PBXBuildFile; fileRef = A239C3FF20CEE12700F2683C /* AppDelegate.swift */; };
		A239C40220CEE12800F2683C /* ViewController.swift in Sources */ = {isa = PBXBuildFile; fileRef = A239C40120CEE12800F2683C /* ViewController.swift */; };
		A239C40520CEE12800F2683C /* Main.storyboard in Resources */ = {isa = PBXBuildFile; fileRef = A239C40320CEE12800F2683C /* Main.storyboard */; };
		A239C40720CEE12800F2683C /* Assets.xcassets in Resources */ = {isa = PBXBuildFile; fileRef = A239C40620CEE12800F2683C /* Assets.xcassets */; };
		A239C40A20CEE12800F2683C /* LaunchScreen.storyboard in Resources */ = {isa = PBXBuildFile; fileRef = A239C40820CEE12800F2683C /* LaunchScreen.storyboard */; };
		A239C43620CEE1F000F2683C /* hustle-on.wav in Resources */ = {isa = PBXBuildFile; fileRef = A239C43520CEE1F000F2683C /* hustle-on.wav */; };
/* End PBXBuildFile section */

/* Begin PBXFileReference section */
		A239C3FC20CEE12700F2683C /* hustle-mode.app */ = {isa = PBXFileReference; explicitFileType = wrapper.application; includeInIndex = 0; path = "hustle-mode.app"; sourceTree = BUILT_PRODUCTS_DIR; };
		A239C3FF20CEE12700F2683C /* AppDelegate.swift */ = {isa = PBXFileReference; lastKnownFileType = sourcecode.swift; path = AppDelegate.swift; sourceTree = "<group>"; };
		A239C40120CEE12800F2683C /* ViewController.swift */ = {isa = PBXFileReference; lastKnownFileType = sourcecode.swift; path = ViewController.swift; sourceTree = "<group>"; };
		A239C40420CEE12800F2683C /* Base */ = {isa = PBXFileReference; lastKnownFileType = file.storyboard; name = Base; path = Base.lproj/Main.storyboard; sourceTree = "<group>"; };
		A239C40620CEE12800F2683C /* Assets.xcassets */ = {isa = PBXFileReference; lastKnownFileType = folder.assetcatalog; path = Assets.xcassets; sourceTree = "<group>"; };
		A239C40920CEE12800F2683C /* Base */ = {isa = PBXFileReference; lastKnownFileType = file.storyboard; name = Base; path = Base.lproj/LaunchScreen.storyboard; sourceTree = "<group>"; };
		A239C40B20CEE12800F2683C /* Info.plist */ = {isa = PBXFileReference; lastKnownFileType = text.plist.xml; path = Info.plist; sourceTree = "<group>"; };
		A239C43520CEE1F000F2683C /* hustle-on.wav */ = {isa = PBXFileReference; lastKnownFileType = audio.wav; path = "hustle-on.wav"; sourceTree = "<group>"; };
/* End PBXFileReference section */

/* Begin PBXFrameworksBuildPhase section */
		A239C3F920CEE12700F2683C /* Frameworks */ = {
			isa = PBXFrameworksBuildPhase;
			buildActionMask = 2147483647;
			files = (
			);
			runOnlyForDeploymentPostprocessing = 0;
		};
/* End PBXFrameworksBuildPhase section */

/* Begin PBXGroup section */
		A239C3F320CEE12700F2683C = {
			isa = PBXGroup;
			children = (
				A239C3FE20CEE12700F2683C /* hustle-mode */,
				A239C3FD20CEE12700F2683C /* Products */,
			);
			sourceTree = "<group>";
		};
		A239C3FD20CEE12700F2683C /* Products */ = {
			isa = PBXGroup;
			children = (
				A239C3FC20CEE12700F2683C /* hustle-mode.app */,
			);
			name = Products;
			sourceTree = "<group>";
		};
		A239C3FE20CEE12700F2683C /* hustle-mode */ = {
			isa = PBXGroup;
			children = (
				A239C43520CEE1F000F2683C /* hustle-on.wav */,
				A239C3FF20CEE12700F2683C /* AppDelegate.swift */,
				A239C40120CEE12800F2683C /* ViewController.swift */,
				A239C40320CEE12800F2683C /* Main.storyboard */,
				A239C40620CEE12800F2683C /* Assets.xcassets */,
				A239C40820CEE12800F2683C /* LaunchScreen.storyboard */,
				A239C40B20CEE12800F2683C /* Info.plist */,
			);
			path = "hustle-mode";
			sourceTree = "<group>";
		};
/* End PBXGroup section */

/* Begin PBXNativeTarget section */
		A239C3FB20CEE12700F2683C /* hustle-mode */ = {
			isa = PBXNativeTarget;
			buildConfigurationList = A239C40E20CEE12800F2683C /* Build configuration list for PBXNativeTarget "hustle-mode" */;
			buildPhases = (
				A239C3F820CEE12700F2683C /* Sources */,
				A239C3F920CEE12700F2683C /* Frameworks */,
				A239C3FA20CEE12700F2683C /* Resources */,
			);
			buildRules = (
			);
			dependencies = (
			);
			name = "hustle-mode";
			productName = "hustle-mode";
			productReference = A239C3FC20CEE12700F2683C /* hustle-mode.app */;
			productType = "com.apple.product-type.application";
		};
/* End PBXNativeTarget section */

/* Begin PBXProject section */
		A239C3F420CEE12700F2683C /* Project object */ = {
			isa = PBXProject;
			attributes = {
				LastSwiftUpdateCheck = 0940;
				LastUpgradeCheck = 0940;
				ORGANIZATIONNAME = GardnerOne;
				TargetAttributes = {
					A239C3FB20CEE12700F2683C = {
						CreatedOnToolsVersion = 9.4;
					};
				};
			};
			buildConfigurationList = A239C3F720CEE12700F2683C /* Build configuration list for PBXProject "hustle-mode" */;
			compatibilityVersion = "Xcode 9.3";
			developmentRegion = en;
			hasScannedForEncodings = 0;
			knownRegions = (
				en,
				Base,
			);
			mainGroup = A239C3F320CEE12700F2683C;
			productRefGroup = A239C3FD20CEE12700F2683C /* Products */;
			projectDirPath = "";
			projectRoot = "";
			targets = (
				A239C3FB20CEE12700F2683C /* hustle-mode */,
			);
		};
/* End PBXProject section */

/* Begin PBXResourcesBuildPhase section */
		A239C3FA20CEE12700F2683C /* Resources */ = {
			isa = PBXResourcesBuildPhase;
			buildActionMask = 2147483647;
			files = (
				A239C43620CEE1F000F2683C /* hustle-on.wav in Resources */,
				A239C40A20CEE12800F2683C /* LaunchScreen.storyboard in Resources */,
				A239C40720CEE12800F2683C /* Assets.xcassets in Resources */,
				A239C40520CEE12800F2683C /* Main.storyboard in Resources */,
			);
			runOnlyForDeploymentPostprocessing = 0;
		};
/* End PBXResourcesBuildPhase section */

/* Begin PBXSourcesBuildPhase section */
		A239C3F820CEE12700F2683C /* Sources */ = {
			isa = PBXSourcesBuildPhase;
			buildActionMask = 2147483647;
			files = (
				A239C40220CEE12800F2683C /* ViewController.swift in Sources */,
				A239C40020CEE12800F2683C /* AppDelegate.swift in Sources */,
			);
			runOnlyForDeploymentPostprocessing = 0;
		};
/* End PBXSourcesBuildPhase section */

/* Begin PBXVariantGroup section */
		A239C40320CEE12800F2683C /* Main.storyboard */ = {
			isa = PBXVariantGroup;
			children = (
				A239C40420CEE12800F2683C /* Base */,
			);
			name = Main.storyboard;
			sourceTree = "<group>";
		};
		A239C40820CEE12800F2683C /* LaunchScreen.storyboard */ = {
			isa = PBXVariantGroup;
			children = (
				A239C40920CEE12800F2683C /* Base */,
			);
			name = LaunchScreen.storyboard;
			sourceTree = "<group>";
		};
/* End PBXVariantGroup section */

/* Begin XCBuildConfiguration section */
		A239C40C20CEE12800F2683C /* Debug */ = {
			isa = XCBuildConfiguration;
			buildSettings = {
				ALWAYS_SEARCH_USER_PATHS = NO;
				CLANG_ANALYZER_NONNULL = YES;
				CLANG_ANALYZER_NUMBER_OBJECT_CONVERSION = YES_AGGRESSIVE;
				CLANG_CXX_LANGUAGE_STANDARD = "gnu++14";
				CLANG_CXX_LIBRARY = "libc++";
				CLANG_ENABLE_MODULES = YES;
				CLANG_ENABLE_OBJC_ARC = YES;
				CLANG_ENABLE_OBJC_WEAK = YES;
				CLANG_WARN_BLOCK_CAPTURE_AUTORELEASING = YES;
				CLANG_WARN_BOOL_CONVERSION = YES;
				CLANG_WARN_COMMA = YES;
				CLANG_WARN_CONSTANT_CONVERSION = YES;
				CLANG_WARN_DEPRECATED_OBJC_IMPLEMENTATIONS = YES;
				CLANG_WARN_DIRECT_OBJC_ISA_USAGE = YES_ERROR;
				CLANG_WARN_DOCUMENTATION_COMMENTS = YES;
				CLANG_WARN_EMPTY_BODY = YES;
				CLANG_WARN_ENUM_CONVERSION = YES;
				CLANG_WARN_INFINITE_RECURSION = YES;
				CLANG_WARN_INT_CONVERSION = YES;
				CLANG_WARN_NON_LITERAL_NULL_CONVERSION = YES;
				CLANG_WARN_OBJC_IMPLICIT_RETAIN_SELF = YES;
				CLANG_WARN_OBJC_LITERAL_CONVERSION = YES;
				CLANG_WARN_OBJC_ROOT_CLASS = YES_ERROR;
				CLANG_WARN_RANGE_LOOP_ANALYSIS = YES;
				CLANG_WARN_STRICT_PROTOTYPES = YES;
				CLANG_WARN_SUSPICIOUS_MOVE = YES;
				CLANG_WARN_UNGUARDED_AVAILABILITY = YES_AGGRESSIVE;
				CLANG_WARN_UNREACHABLE_CODE = YES;
				CLANG_WARN__DUPLICATE_METHOD_MATCH = YES;
				CODE_SIGN_IDENTITY = "iPhone Developer";
				COPY_PHASE_STRIP = NO;
				DEBUG_INFORMATION_FORMAT = dwarf;
				ENABLE_STRICT_OBJC_MSGSEND = YES;
				ENABLE_TESTABILITY = YES;
				GCC_C_LANGUAGE_STANDARD = gnu11;
				GCC_DYNAMIC_NO_PIC = NO;
				GCC_NO_COMMON_BLOCKS = YES;
				GCC_OPTIMIZATION_LEVEL = 0;
				GCC_PREPROCESSOR_DEFINITIONS = (
					"DEBUG=1",
					"$(inherited)",
				);
				GCC_WARN_64_TO_32_BIT_CONVERSION = YES;
				GCC_WARN_ABOUT_RETURN_TYPE = YES_ERROR;
				GCC_WARN_UNDECLARED_SELECTOR = YES;
				GCC_WARN_UNINITIALIZED_AUTOS = YES_AGGRESSIVE;
				GCC_WARN_UNUSED_FUNCTION = YES;
				GCC_WARN_UNUSED_VARIABLE = YES;
				IPHONEOS_DEPLOYMENT_TARGET = 11.4;
				MTL_ENABLE_DEBUG_INFO = YES;
				ONLY_ACTIVE_ARCH = YES;
				SDKROOT = iphoneos;
				SWIFT_ACTIVE_COMPILATION_CONDITIONS = DEBUG;
				SWIFT_OPTIMIZATION_LEVEL = "-Onone";
			};
			name = Debug;
		};
		A239C40D20CEE12800F2683C /* Release */ = {
			isa = XCBuildConfiguration;
			buildSettings = {
				ALWAYS_SEARCH_USER_PATHS = NO;
				CLANG_ANALYZER_NONNULL = YES;
				CLANG_ANALYZER_NUMBER_OBJECT_CONVERSION = YES_AGGRESSIVE;
				CLANG_CXX_LANGUAGE_STANDARD = "gnu++14";
				CLANG_CXX_LIBRARY = "libc++";
				CLANG_ENABLE_MODULES = YES;
				CLANG_ENABLE_OBJC_ARC = YES;
				CLANG_ENABLE_OBJC_WEAK = YES;
				CLANG_WARN_BLOCK_CAPTURE_AUTORELEASING = YES;
				CLANG_WARN_BOOL_CONVERSION = YES;
				CLANG_WARN_COMMA = YES;
				CLANG_WARN_CONSTANT_CONVERSION = YES;
				CLANG_WARN_DEPRECATED_OBJC_IMPLEMENTATIONS = YES;
				CLANG_WARN_DIRECT_OBJC_ISA_USAGE = YES_ERROR;
				CLANG_WARN_DOCUMENTATION_COMMENTS = YES;
				CLANG_WARN_EMPTY_BODY = YES;
				CLANG_WARN_ENUM_CONVERSION = YES;
				CLANG_WARN_INFINITE_RECURSION = YES;
				CLANG_WARN_INT_CONVERSION = YES;
				CLANG_WARN_NON_LITERAL_NULL_CONVERSION = YES;
				CLANG_WARN_OBJC_IMPLICIT_RETAIN_SELF = YES;
				CLANG_WARN_OBJC_LITERAL_CONVERSION = YES;
				CLANG_WARN_OBJC_ROOT_CLASS = YES_ERROR;
				CLANG_WARN_RANGE_LOOP_ANALYSIS = YES;
				CLANG_WARN_STRICT_PROTOTYPES = YES;
				CLANG_WARN_SUSPICIOUS_MOVE = YES;
				CLANG_WARN_UNGUARDED_AVAILABILITY = YES_AGGRESSIVE;
				CLANG_WARN_UNREACHABLE_CODE = YES;
				CLANG_WARN__DUPLICATE_METHOD_MATCH = YES;
				CODE_SIGN_IDENTITY = "iPhone Developer";
				COPY_PHASE_STRIP = NO;
				DEBUG_INFORMATION_FORMAT = "dwarf-with-dsym";
				ENABLE_NS_ASSERTIONS = NO;
				ENABLE_STRICT_OBJC_MSGSEND = YES;
				GCC_C_LANGUAGE_STANDARD = gnu11;
				GCC_NO_COMMON_BLOCKS = YES;
				GCC_WARN_64_TO_32_BIT_CONVERSION = YES;
				GCC_WARN_ABOUT_RETURN_TYPE = YES_ERROR;
				GCC_WARN_UNDECLARED_SELECTOR = YES;
				GCC_WARN_UNINITIALIZED_AUTOS = YES_AGGRESSIVE;
				GCC_WARN_UNUSED_FUNCTION = YES;
				GCC_WARN_UNUSED_VARIABLE = YES;
				IPHONEOS_DEPLOYMENT_TARGET = 11.4;
				MTL_ENABLE_DEBUG_INFO = NO;
				SDKROOT = iphoneos;
				SWIFT_COMPILATION_MODE = wholemodule;
				SWIFT_OPTIMIZATION_LEVEL = "-O";
				VALIDATE_PRODUCT = YES;
			};
			name = Release;
		};
		A239C40F20CEE12800F2683C /* Debug */ = {
			isa = XCBuildConfiguration;
			buildSettings = {
				ASSETCATALOG_COMPILER_APPICON_NAME = AppIcon;
				CODE_SIGN_STYLE = Automatic;
				DEVELOPMENT_TEAM = 299C4Z3CW5;
				INFOPLIST_FILE = "hustle-mode/Info.plist";
				LD_RUNPATH_SEARCH_PATHS = (
					"$(inherited)",
					"@executable_path/Frameworks",
				);
				PRODUCT_BUNDLE_IDENTIFIER = "com.gardnerone.hustle-mode";
				PRODUCT_NAME = "$(TARGET_NAME)";
				SWIFT_VERSION = 4.0;
				TARGETED_DEVICE_FAMILY = "1,2";
			};
			name = Debug;
		};
		A239C41020CEE12800F2683C /* Release */ = {
			isa = XCBuildConfiguration;
			buildSettings = {
				ASSETCATALOG_COMPILER_APPICON_NAME = AppIcon;
				CODE_SIGN_STYLE = Automatic;
				DEVELOPMENT_TEAM = 299C4Z3CW5;
				INFOPLIST_FILE = "hustle-mode/Info.plist";
				LD_RUNPATH_SEARCH_PATHS = (
					"$(inherited)",
					"@executable_path/Frameworks",
				);
				PRODUCT_BUNDLE_IDENTIFIER = "com.gardnerone.hustle-mode";
				PRODUCT_NAME = "$(TARGET_NAME)";
				SWIFT_VERSION = 4.0;
				TARGETED_DEVICE_FAMILY = "1,2";
			};
			name = Release;
		};
/* End XCBuildConfiguration section */

/* Begin XCConfigurationList section */
		A239C3F720CEE12700F2683C /* Build configuration list for PBXProject "hustle-mode" */ = {
			isa = XCConfigurationList;
			buildConfigurations = (
				A239C40C20CEE12800F2683C /* Debug */,
				A239C40D20CEE12800F2683C /* Release */,
			);
			defaultConfigurationIsVisible = 0;
			defaultConfigurationName = Release;
		};
		A239C40E20CEE12800F2683C /* Build configuration list for PBXNativeTarget "hustle-mode" */ = {
			isa = XCConfigurationList;
			buildConfigurations = (
				A239C40F20CEE12800F2683C /* Debug */,
				A239C41020CEE12800F2683C /* Release */,
			);
			defaultConfigurationIsVisible = 0;
			defaultConfigurationName = Release;
		};
/* End XCConfigurationList section */
	};
	rootObject = A239C3F420CEE12700F2683C /* Project object */;
}
